# THIS IS AN AUTOGENERATED FILE. DO NOT EDIT THIS FILE DIRECTLY.
# yarn lockfile v1


core-js@^3.2.1:
  version "3.6.4"
  resolved "https://registry.yarnpkg.com/core-js/-/core-js-3.6.4.tgz#440a83536b458114b9cb2ac1580ba377dc470647"

fxjs@^0.15.0:
  version "0.15.0"
  resolved "https://registry.yarnpkg.com/fxjs/-/fxjs-0.15.0.tgz#cafa9898ab9dbfff324bd5bc38d75bc91535b43e"
  dependencies:
    core-js "^3.2.1"
    regenerator-runtime "^0.13.3"

regenerator-runtime@^0.13.3:
  version "0.13.5"
  resolved "https://registry.yarnpkg.com/regenerator-runtime/-/regenerator-runtime-0.13.5.tgz#d878a1d094b4306d10b9096484b33ebd55e26697"
